# This file is automatically @generated by Cargo.
# It is not intended for manual editing.
version = 4

[[package]]
name = "postgres-auth"
version = "0.1.0"

[[package]]
name = "postgres-engine"
version = "0.1.0"
dependencies = [
 "postgres-sql",
 "postgres-types",
]

[[package]]
name = "postgres-protocol"
version = "0.1.0"

[[package]]
name = "postgres-rs"
version = "0.1.0"
dependencies = [
 "postgres-auth",
 "postgres-engine",
 "postgres-protocol",
 "postgres-server",
 "postgres-sql",
 "postgres-types",
]

[[package]]
name = "postgres-server"
version = "0.1.0"
dependencies = [
 "postgres-auth",
 "postgres-engine",
 "postgres-protocol",
 "postgres-sql",
 "postgres-types",
]

[[package]]
name = "postgres-sql"
version = "0.1.0"
dependencies = [
 "postgres-types",
]

[[package]]
name = "postgres-types"
version = "0.1.0"
